
Microsoft Visual Studio Solution File, Format Version 12.00
# Visual Studio Version 16
VisualStudioVersion = 16.0.31005.135
MinimumVisualStudioVersion = 10.0.40219.1
Project("{9A19103F-16F7-4668-BE54-9A1E7A4F7556}") = "Business", "Business\Business.csproj", "{527CE9FB-0756-4537-9C82-1428BA1D4DB7}"
EndProject
Project("{9A19103F-16F7-4668-BE54-9A1E7A4F7556}") = "DataAccess", "DataAccess\DataAccess.csproj", "{99E10BCD-77CB-497B-BC0D-BF627FBBECD1}"
EndProject
Project("{9A19103F-16F7-4668-BE54-9A1E7A4F7556}") = "Entities", "Entities\Entities.csproj", "{EFDFA424-4761-4BDF-8E0D-329AEFB5A7D1}"
EndProject
Project("{9A19103F-16F7-4668-BE54-9A1E7A4F7556}") = "ConsoleUI", "ConsoleUI\ConsoleUI.csproj", "{D1904D2C-E1B9-4263-9510-F575780EFDB2}"
EndProject
Project("{9A19103F-16F7-4668-BE54-9A1E7A4F7556}") = "Core", "Core\Core.csproj", "{AFD1574F-A610-41A9-AE18-D78F53E513E1}"
EndProject
Project("{FAE04EC0-301F-11D3-BF4B-00C04F79EFBC}") = "WebAPI", "WebAPI\WebAPI.csproj", "{B7E38F8B-A71F-4199-9100-B73D85413260}"
EndProject
Global
	GlobalSection(SolutionConfigurationPlatforms) = preSolution
		Debug|Any CPU = Debug|Any CPU
		Release|Any CPU = Release|Any CPU
	EndGlobalSection
	GlobalSection(ProjectConfigurationPlatforms) = postSolution
		{527CE9FB-0756-4537-9C82-1428BA1D4DB7}.Debug|Any CPU.ActiveCfg = Debug|Any CPU
		{527CE9FB-0756-4537-9C82-1428BA1D4DB7}.Debug|Any CPU.Build.0 = Debug|Any CPU
		{527CE9FB-0756-4537-9C82-1428BA1D4DB7}.Release|Any CPU.ActiveCfg = Release|Any CPU
		{527CE9FB-0756-4537-9C82-1428BA1D4DB7}.Release|Any CPU.Build.0 = Release|Any CPU
		{99E10BCD-77CB-497B-BC0D-BF627FBBECD1}.Debug|Any CPU.ActiveCfg = Debug|Any CPU
		{99E10BCD-77CB-497B-BC0D-BF627FBBECD1}.Debug|Any CPU.Build.0 = Debug|Any CPU
		{99E10BCD-77CB-497B-BC0D-BF627FBBECD1}.Release|Any CPU.ActiveCfg = Release|Any CPU
		{99E10BCD-77CB-497B-BC0D-BF627FBBECD1}.Release|Any CPU.Build.0 = Release|Any CPU
		{EFDFA424-4761-4BDF-8E0D-329AEFB5A7D1}.Debug|Any CPU.ActiveCfg = Debug|Any CPU
		{EFDFA424-4761-4BDF-8E0D-329AEFB5A7D1}.Debug|Any CPU.Build.0 = Debug|Any CPU
		{EFDFA424-4761-4BDF-8E0D-329AEFB5A7D1}.Release|Any CPU.ActiveCfg = Release|Any CPU
		{EFDFA424-4761-4BDF-8E0D-329AEFB5A7D1}.Release|Any CPU.Build.0 = Release|Any CPU
		{D1904D2C-E1B9-4263-9510-F575780EFDB2}.Debug|Any CPU.ActiveCfg = Debug|Any CPU
		{D1904D2C-E1B9-4263-9510-F575780EFDB2}.Debug|Any CPU.Build.0 = Debug|Any CPU
		{D1904D2C-E1B9-4263-9510-F575780EFDB2}.Release|Any CPU.ActiveCfg = Release|Any CPU
		{D1904D2C-E1B9-4263-9510-F575780EFDB2}.Release|Any CPU.Build.0 = Release|Any CPU
		{AFD1574F-A610-41A9-AE18-D78F53E513E1}.Debug|Any CPU.ActiveCfg = Debug|Any CPU
		{AFD1574F-A610-41A9-AE18-D78F53E513E1}.Debug|Any CPU.Build.0 = Debug|Any CPU
		{AFD1574F-A610-41A9-AE18-D78F53E513E1}.Release|Any CPU.ActiveCfg = Release|Any CPU
		{AFD1574F-A610-41A9-AE18-D78F53E513E1}.Release|Any CPU.Build.0 = Release|Any CPU
		{B7E38F8B-A71F-4199-9100-B73D85413260}.Debug|Any CPU.ActiveCfg = Debug|Any CPU
		{B7E38F8B-A71F-4199-9100-B73D85413260}.Debug|Any CPU.Build.0 = Debug|Any CPU
		{B7E38F8B-A71F-4199-9100-B73D85413260}.Release|Any CPU.ActiveCfg = Release|Any CPU
		{B7E38F8B-A71F-4199-9100-B73D85413260}.Release|Any CPU.Build.0 = Release|Any CPU
	EndGlobalSection
	GlobalSection(SolutionProperties) = preSolution
		HideSolutionNode = FALSE
	EndGlobalSection
	GlobalSection(ExtensibilityGlobals) = postSolution
		SolutionGuid = {39BB3F90-58EE-4E1E-AD81-FE3CDCCE9E44}
	EndGlobalSection
EndGlobal
